
Microsoft Visual Studio Solution File, Format Version 12.00
# Visual Studio Version 16
VisualStudioVersion = 16.0.30204.135
MinimumVisualStudioVersion = 10.0.40219.1
Project("{FAE04EC0-301F-11D3-BF4B-00C04F79EFBC}") = "MicroservicioUser", "MicroservicioUser.csproj", "{9CC319E8-3C6E-4869-B584-7868039FD9A9}"
EndProject
Project("{FAE04EC0-301F-11D3-BF4B-00C04F79EFBC}") = "Aplication", "..\Aplication\Aplication.csproj", "{5598C2A4-AB33-4B10-AB97-D2A2B7B63EFD}"
EndProject
Project("{FAE04EC0-301F-11D3-BF4B-00C04F79EFBC}") = "Domain", "..\Domain\Domain.csproj", "{F2C1F01F-3274-44C0-A726-79D0EDA7D0A3}"
EndProject
Project("{FAE04EC0-301F-11D3-BF4B-00C04F79EFBC}") = "Data", "..\Data\Data.csproj", "{9E2636DF-2209-484A-8E0D-908679A7C33B}"
EndProject
Global
	GlobalSection(SolutionConfigurationPlatforms) = preSolution
		Debug|Any CPU = Debug|Any CPU
		Release|Any CPU = Release|Any CPU
	EndGlobalSection
	GlobalSection(ProjectConfigurationPlatforms) = postSolution
		{9CC319E8-3C6E-4869-B584-7868039FD9A9}.Debug|Any CPU.ActiveCfg = Debug|Any CPU
		{9CC319E8-3C6E-4869-B584-7868039FD9A9}.Debug|Any CPU.Build.0 = Debug|Any CPU
		{9CC319E8-3C6E-4869-B584-7868039FD9A9}.Release|Any CPU.ActiveCfg = Release|Any CPU
		{9CC319E8-3C6E-4869-B584-7868039FD9A9}.Release|Any CPU.Build.0 = Release|Any CPU
		{5598C2A4-AB33-4B10-AB97-D2A2B7B63EFD}.Debug|Any CPU.ActiveCfg = Debug|Any CPU
		{5598C2A4-AB33-4B10-AB97-D2A2B7B63EFD}.Debug|Any CPU.Build.0 = Debug|Any CPU
		{5598C2A4-AB33-4B10-AB97-D2A2B7B63EFD}.Release|Any CPU.ActiveCfg = Release|Any CPU
		{5598C2A4-AB33-4B10-AB97-D2A2B7B63EFD}.Release|Any CPU.Build.0 = Release|Any CPU
		{F2C1F01F-3274-44C0-A726-79D0EDA7D0A3}.Debug|Any CPU.ActiveCfg = Debug|Any CPU
		{F2C1F01F-3274-44C0-A726-79D0EDA7D0A3}.Debug|Any CPU.Build.0 = Debug|Any CPU
		{F2C1F01F-3274-44C0-A726-79D0EDA7D0A3}.Release|Any CPU.ActiveCfg = Release|Any CPU
		{F2C1F01F-3274-44C0-A726-79D0EDA7D0A3}.Release|Any CPU.Build.0 = Release|Any CPU
		{9E2636DF-2209-484A-8E0D-908679A7C33B}.Debug|Any CPU.ActiveCfg = Debug|Any CPU
		{9E2636DF-2209-484A-8E0D-908679A7C33B}.Debug|Any CPU.Build.0 = Debug|Any CPU
		{9E2636DF-2209-484A-8E0D-908679A7C33B}.Release|Any CPU.ActiveCfg = Release|Any CPU
		{9E2636DF-2209-484A-8E0D-908679A7C33B}.Release|Any CPU.Build.0 = Release|Any CPU
	EndGlobalSection
	GlobalSection(SolutionProperties) = preSolution
		HideSolutionNode = FALSE
	EndGlobalSection
	GlobalSection(ExtensibilityGlobals) = postSolution
		SolutionGuid = {151EA301-D3C0-46F1-9635-73785046B749}
	EndGlobalSection
EndGlobal
