
Microsoft Visual Studio Solution File, Format Version 12.00
# Visual Studio Version 16
VisualStudioVersion = 16.0.30011.22
MinimumVisualStudioVersion = 10.0.40219.1
Project("{9A19103F-16F7-4668-BE54-9A1E7A4F7556}") = "API-Producto", "API-Producto.csproj", "{7D8AED6C-2ACE-4F4A-BC1B-7E9A9D61C7D2}"
EndProject
Project("{9A19103F-16F7-4668-BE54-9A1E7A4F7556}") = "CapaDominioProductos", "..\CapaDominioProductos\CapaDominioProductos.csproj", "{6E5B8C21-D2B6-49B0-BAB3-60B389422F13}"
EndProject
Project("{9A19103F-16F7-4668-BE54-9A1E7A4F7556}") = "CapaAccesoDatosProductos", "..\CapaAccesoDatosProductos\CapaAccesoDatosProductos.csproj", "{6813DE6B-2298-4B2F-8857-E98EF4F63115}"
EndProject
Project("{9A19103F-16F7-4668-BE54-9A1E7A4F7556}") = "CapaAplicacionProductos", "..\CapaAplicacionProductos\CapaAplicacionProductos.csproj", "{7768EE7D-4BFD-4FFC-8BB0-5AC0854AA0B8}"
EndProject
Global
	GlobalSection(SolutionConfigurationPlatforms) = preSolution
		Debug|Any CPU = Debug|Any CPU
		Release|Any CPU = Release|Any CPU
	EndGlobalSection
	GlobalSection(ProjectConfigurationPlatforms) = postSolution
		{7D8AED6C-2ACE-4F4A-BC1B-7E9A9D61C7D2}.Debug|Any CPU.ActiveCfg = Debug|Any CPU
		{7D8AED6C-2ACE-4F4A-BC1B-7E9A9D61C7D2}.Debug|Any CPU.Build.0 = Debug|Any CPU
		{7D8AED6C-2ACE-4F4A-BC1B-7E9A9D61C7D2}.Release|Any CPU.ActiveCfg = Release|Any CPU
		{7D8AED6C-2ACE-4F4A-BC1B-7E9A9D61C7D2}.Release|Any CPU.Build.0 = Release|Any CPU
		{6E5B8C21-D2B6-49B0-BAB3-60B389422F13}.Debug|Any CPU.ActiveCfg = Debug|Any CPU
		{6E5B8C21-D2B6-49B0-BAB3-60B389422F13}.Debug|Any CPU.Build.0 = Debug|Any CPU
		{6E5B8C21-D2B6-49B0-BAB3-60B389422F13}.Release|Any CPU.ActiveCfg = Release|Any CPU
		{6E5B8C21-D2B6-49B0-BAB3-60B389422F13}.Release|Any CPU.Build.0 = Release|Any CPU
		{6813DE6B-2298-4B2F-8857-E98EF4F63115}.Debug|Any CPU.ActiveCfg = Debug|Any CPU
		{6813DE6B-2298-4B2F-8857-E98EF4F63115}.Debug|Any CPU.Build.0 = Debug|Any CPU
		{6813DE6B-2298-4B2F-8857-E98EF4F63115}.Release|Any CPU.ActiveCfg = Release|Any CPU
		{6813DE6B-2298-4B2F-8857-E98EF4F63115}.Release|Any CPU.Build.0 = Release|Any CPU
		{7768EE7D-4BFD-4FFC-8BB0-5AC0854AA0B8}.Debug|Any CPU.ActiveCfg = Debug|Any CPU
		{7768EE7D-4BFD-4FFC-8BB0-5AC0854AA0B8}.Debug|Any CPU.Build.0 = Debug|Any CPU
		{7768EE7D-4BFD-4FFC-8BB0-5AC0854AA0B8}.Release|Any CPU.ActiveCfg = Release|Any CPU
		{7768EE7D-4BFD-4FFC-8BB0-5AC0854AA0B8}.Release|Any CPU.Build.0 = Release|Any CPU
	EndGlobalSection
	GlobalSection(SolutionProperties) = preSolution
		HideSolutionNode = FALSE
	EndGlobalSection
	GlobalSection(ExtensibilityGlobals) = postSolution
		SolutionGuid = {E096A36F-3D78-4250-A331-3DF64A903924}
	EndGlobalSection
EndGlobal
